// !$*UTF8*$!
{
	archiveVersion = 1;
	classes = {
	};
	objectVersion = 48;
	objects = {

/* Begin PBXBuildFile section */
		E74851ED1FFFCAE6009741BD /* Home.storyboard in Resources */ = {isa = PBXBuildFile; fileRef = E74851EB1FFFCAE6009741BD /* Home.storyboard */; };
		E74851EF1FFFCB48009741BD /* Live.storyboard in Resources */ = {isa = PBXBuildFile; fileRef = E74851EE1FFFCB48009741BD /* Live.storyboard */; };
		E74851F11FFFCB66009741BD /* Follow.storyboard in Resources */ = {isa = PBXBuildFile; fileRef = E74851F01FFFCB66009741BD /* Follow.storyboard */; };
		E74851F41FFFCBE8009741BD /* Profile.storyboard in Resources */ = {isa = PBXBuildFile; fileRef = E74851F21FFFCBE8009741BD /* Profile.storyboard */; };
		E74851F61FFFCF61009741BD /* MainViewController.swift in Sources */ = {isa = PBXBuildFile; fileRef = E74851F51FFFCF61009741BD /* MainViewController.swift */; };
		E796A8CE1FFE802400CD2841 /* AppDelegate.swift in Sources */ = {isa = PBXBuildFile; fileRef = E796A8CD1FFE802400CD2841 /* AppDelegate.swift */; };
		E796A8D31FFE802400CD2841 /* Main.storyboard in Resources */ = {isa = PBXBuildFile; fileRef = E796A8D11FFE802400CD2841 /* Main.storyboard */; };
		E796A8D51FFE802500CD2841 /* Assets.xcassets in Resources */ = {isa = PBXBuildFile; fileRef = E796A8D41FFE802500CD2841 /* Assets.xcassets */; };
		E796A8D81FFE802500CD2841 /* LaunchScreen.storyboard in Resources */ = {isa = PBXBuildFile; fileRef = E796A8D61FFE802500CD2841 /* LaunchScreen.storyboard */; };
/* End PBXBuildFile section */

/* Begin PBXFileReference section */
		E74851EC1FFFCAE6009741BD /* Base */ = {isa = PBXFileReference; lastKnownFileType = file.storyboard; name = Base; path = ZBDemo/Classes/Main/Base.lproj/Home.storyboard; sourceTree = "<group>"; };
		E74851EE1FFFCB48009741BD /* Live.storyboard */ = {isa = PBXFileReference; fileEncoding = 4; lastKnownFileType = file.storyboard; path = Live.storyboard; sourceTree = "<group>"; };
		E74851F01FFFCB66009741BD /* Follow.storyboard */ = {isa = PBXFileReference; fileEncoding = 4; lastKnownFileType = file.storyboard; path = Follow.storyboard; sourceTree = "<group>"; };
		E74851F31FFFCBE8009741BD /* Base */ = {isa = PBXFileReference; lastKnownFileType = file.storyboard; name = Base; path = ZBDemo/Classes/Main/Base.lproj/Profile.storyboard; sourceTree = "<group>"; };
		E74851F51FFFCF61009741BD /* MainViewController.swift */ = {isa = PBXFileReference; lastKnownFileType = sourcecode.swift; path = MainViewController.swift; sourceTree = "<group>"; };
		E796A8CA1FFE802400CD2841 /* ZBDemo.app */ = {isa = PBXFileReference; explicitFileType = wrapper.application; includeInIndex = 0; path = ZBDemo.app; sourceTree = BUILT_PRODUCTS_DIR; };
		E796A8CD1FFE802400CD2841 /* AppDelegate.swift */ = {isa = PBXFileReference; lastKnownFileType = sourcecode.swift; path = AppDelegate.swift; sourceTree = "<group>"; };
		E796A8D21FFE802400CD2841 /* Base */ = {isa = PBXFileReference; lastKnownFileType = file.storyboard; name = Base; path = Base.lproj/Main.storyboard; sourceTree = "<group>"; };
		E796A8D41FFE802500CD2841 /* Assets.xcassets */ = {isa = PBXFileReference; lastKnownFileType = folder.assetcatalog; path = Assets.xcassets; sourceTree = "<group>"; };
		E796A8D71FFE802500CD2841 /* Base */ = {isa = PBXFileReference; lastKnownFileType = file.storyboard; name = Base; path = Base.lproj/LaunchScreen.storyboard; sourceTree = "<group>"; };
		E796A8D91FFE802500CD2841 /* Info.plist */ = {isa = PBXFileReference; lastKnownFileType = text.plist.xml; path = Info.plist; sourceTree = "<group>"; };
/* End PBXFileReference section */

/* Begin PBXFrameworksBuildPhase section */
		E796A8C71FFE802400CD2841 /* Frameworks */ = {
			isa = PBXFrameworksBuildPhase;
			buildActionMask = 2147483647;
			files = (
			);
			runOnlyForDeploymentPostprocessing = 0;
		};
/* End PBXFrameworksBuildPhase section */

/* Begin PBXGroup section */
		E74851E41FFFC1A5009741BD /* Classes */ = {
			isa = PBXGroup;
			children = (
				E74851EA1FFFC1A5009741BD /* Main */,
				E74851E51FFFC1A5009741BD /* Home */,
				E74851E91FFFC1A5009741BD /* Live */,
				E74851E71FFFC1A5009741BD /* Follow */,
				E74851E81FFFC1A5009741BD /* Profile */,
				E74851E61FFFC1A5009741BD /* Tools */,
			);
			path = Classes;
			sourceTree = "<group>";
		};
		E74851E51FFFC1A5009741BD /* Home */ = {
			isa = PBXGroup;
			children = (
				E74851EB1FFFCAE6009741BD /* Home.storyboard */,
			);
			path = Home;
			sourceTree = "<group>";
		};
		E74851E61FFFC1A5009741BD /* Tools */ = {
			isa = PBXGroup;
			children = (
			);
			path = Tools;
			sourceTree = "<group>";
		};
		E74851E71FFFC1A5009741BD /* Follow */ = {
			isa = PBXGroup;
			children = (
				E74851F01FFFCB66009741BD /* Follow.storyboard */,
			);
			path = Follow;
			sourceTree = "<group>";
		};
		E74851E81FFFC1A5009741BD /* Profile */ = {
			isa = PBXGroup;
			children = (
				E74851F21FFFCBE8009741BD /* Profile.storyboard */,
			);
			path = Profile;
			sourceTree = "<group>";
		};
		E74851E91FFFC1A5009741BD /* Live */ = {
			isa = PBXGroup;
			children = (
				E74851EE1FFFCB48009741BD /* Live.storyboard */,
			);
			path = Live;
			sourceTree = "<group>";
		};
		E74851EA1FFFC1A5009741BD /* Main */ = {
			isa = PBXGroup;
			children = (
				E796A8D11FFE802400CD2841 /* Main.storyboard */,
				E74851F51FFFCF61009741BD /* MainViewController.swift */,
			);
			path = Main;
			sourceTree = "<group>";
		};
		E796A8C11FFE802400CD2841 = {
			isa = PBXGroup;
			children = (
				E796A8CC1FFE802400CD2841 /* ZBDemo */,
				E796A8CB1FFE802400CD2841 /* Products */,
			);
			sourceTree = "<group>";
		};
		E796A8CB1FFE802400CD2841 /* Products */ = {
			isa = PBXGroup;
			children = (
				E796A8CA1FFE802400CD2841 /* ZBDemo.app */,
			);
			name = Products;
			sourceTree = "<group>";
		};
		E796A8CC1FFE802400CD2841 /* ZBDemo */ = {
			isa = PBXGroup;
			children = (
				E74851E41FFFC1A5009741BD /* Classes */,
				E796A8CD1FFE802400CD2841 /* AppDelegate.swift */,
				E796A8D41FFE802500CD2841 /* Assets.xcassets */,
				E796A8D61FFE802500CD2841 /* LaunchScreen.storyboard */,
				E796A8D91FFE802500CD2841 /* Info.plist */,
			);
			path = ZBDemo;
			sourceTree = "<group>";
		};
/* End PBXGroup section */

/* Begin PBXNativeTarget section */
		E796A8C91FFE802400CD2841 /* ZBDemo */ = {
			isa = PBXNativeTarget;
			buildConfigurationList = E796A8DC1FFE802500CD2841 /* Build configuration list for PBXNativeTarget "ZBDemo" */;
			buildPhases = (
				E796A8C61FFE802400CD2841 /* Sources */,
				E796A8C71FFE802400CD2841 /* Frameworks */,
				E796A8C81FFE802400CD2841 /* Resources */,
			);
			buildRules = (
			);
			dependencies = (
			);
			name = ZBDemo;
			productName = ZBDemo;
			productReference = E796A8CA1FFE802400CD2841 /* ZBDemo.app */;
			productType = "com.apple.product-type.application";
		};
/* End PBXNativeTarget section */

/* Begin PBXProject section */
		E796A8C21FFE802400CD2841 /* Project object */ = {
			isa = PBXProject;
			attributes = {
				LastSwiftUpdateCheck = 0920;
				LastUpgradeCheck = 0920;
				ORGANIZATIONNAME = inphase;
				TargetAttributes = {
					E796A8C91FFE802400CD2841 = {
						CreatedOnToolsVersion = 9.2;
						ProvisioningStyle = Automatic;
					};
				};
			};
			buildConfigurationList = E796A8C51FFE802400CD2841 /* Build configuration list for PBXProject "ZBDemo" */;
			compatibilityVersion = "Xcode 8.0";
			developmentRegion = en;
			hasScannedForEncodings = 0;
			knownRegions = (
				en,
				Base,
			);
			mainGroup = E796A8C11FFE802400CD2841;
			productRefGroup = E796A8CB1FFE802400CD2841 /* Products */;
			projectDirPath = "";
			projectRoot = "";
			targets = (
				E796A8C91FFE802400CD2841 /* ZBDemo */,
			);
		};
/* End PBXProject section */

/* Begin PBXResourcesBuildPhase section */
		E796A8C81FFE802400CD2841 /* Resources */ = {
			isa = PBXResourcesBuildPhase;
			buildActionMask = 2147483647;
			files = (
				E796A8D81FFE802500CD2841 /* LaunchScreen.storyboard in Resources */,
				E796A8D51FFE802500CD2841 /* Assets.xcassets in Resources */,
				E796A8D31FFE802400CD2841 /* Main.storyboard in Resources */,
				E74851EF1FFFCB48009741BD /* Live.storyboard in Resources */,
				E74851ED1FFFCAE6009741BD /* Home.storyboard in Resources */,
				E74851F41FFFCBE8009741BD /* Profile.storyboard in Resources */,
				E74851F11FFFCB66009741BD /* Follow.storyboard in Resources */,
			);
			runOnlyForDeploymentPostprocessing = 0;
		};
/* End PBXResourcesBuildPhase section */

/* Begin PBXSourcesBuildPhase section */
		E796A8C61FFE802400CD2841 /* Sources */ = {
			isa = PBXSourcesBuildPhase;
			buildActionMask = 2147483647;
			files = (
				E796A8CE1FFE802400CD2841 /* AppDelegate.swift in Sources */,
				E74851F61FFFCF61009741BD /* MainViewController.swift in Sources */,
			);
			runOnlyForDeploymentPostprocessing = 0;
		};
/* End PBXSourcesBuildPhase section */

/* Begin PBXVariantGroup section */
		E74851EB1FFFCAE6009741BD /* Home.storyboard */ = {
			isa = PBXVariantGroup;
			children = (
				E74851EC1FFFCAE6009741BD /* Base */,
			);
			name = Home.storyboard;
			sourceTree = "<group>";
		};
		E74851F21FFFCBE8009741BD /* Profile.storyboard */ = {
			isa = PBXVariantGroup;
			children = (
				E74851F31FFFCBE8009741BD /* Base */,
			);
			name = Profile.storyboard;
			sourceTree = "<group>";
		};
		E796A8D11FFE802400CD2841 /* Main.storyboard */ = {
			isa = PBXVariantGroup;
			children = (
				E796A8D21FFE802400CD2841 /* Base */,
			);
			name = Main.storyboard;
			sourceTree = "<group>";
		};
		E796A8D61FFE802500CD2841 /* LaunchScreen.storyboard */ = {
			isa = PBXVariantGroup;
			children = (
				E796A8D71FFE802500CD2841 /* Base */,
			);
			name = LaunchScreen.storyboard;
			sourceTree = "<group>";
		};
/* End PBXVariantGroup section */

/* Begin XCBuildConfiguration section */
		E796A8DA1FFE802500CD2841 /* Debug */ = {
			isa = XCBuildConfiguration;
			buildSettings = {
				ALWAYS_SEARCH_USER_PATHS = NO;
				CLANG_ANALYZER_NONNULL = YES;
				CLANG_ANALYZER_NUMBER_OBJECT_CONVERSION = YES_AGGRESSIVE;
				CLANG_CXX_LANGUAGE_STANDARD = "gnu++14";
				CLANG_CXX_LIBRARY = "libc++";
				CLANG_ENABLE_MODULES = YES;
				CLANG_ENABLE_OBJC_ARC = YES;
				CLANG_WARN_BLOCK_CAPTURE_AUTORELEASING = YES;
				CLANG_WARN_BOOL_CONVERSION = YES;
				CLANG_WARN_COMMA = YES;
				CLANG_WARN_CONSTANT_CONVERSION = YES;
				CLANG_WARN_DIRECT_OBJC_ISA_USAGE = YES_ERROR;
				CLANG_WARN_DOCUMENTATION_COMMENTS = YES;
				CLANG_WARN_EMPTY_BODY = YES;
				CLANG_WARN_ENUM_CONVERSION = YES;
				CLANG_WARN_INFINITE_RECURSION = YES;
				CLANG_WARN_INT_CONVERSION = YES;
				CLANG_WARN_NON_LITERAL_NULL_CONVERSION = YES;
				CLANG_WARN_OBJC_LITERAL_CONVERSION = YES;
				CLANG_WARN_OBJC_ROOT_CLASS = YES_ERROR;
				CLANG_WARN_RANGE_LOOP_ANALYSIS = YES;
				CLANG_WARN_STRICT_PROTOTYPES = YES;
				CLANG_WARN_SUSPICIOUS_MOVE = YES;
				CLANG_WARN_UNGUARDED_AVAILABILITY = YES_AGGRESSIVE;
				CLANG_WARN_UNREACHABLE_CODE = YES;
				CLANG_WARN__DUPLICATE_METHOD_MATCH = YES;
				CODE_SIGN_IDENTITY = "iPhone Developer";
				COPY_PHASE_STRIP = NO;
				DEBUG_INFORMATION_FORMAT = dwarf;
				ENABLE_STRICT_OBJC_MSGSEND = YES;
				ENABLE_TESTABILITY = YES;
				GCC_C_LANGUAGE_STANDARD = gnu11;
				GCC_DYNAMIC_NO_PIC = NO;
				GCC_NO_COMMON_BLOCKS = YES;
				GCC_OPTIMIZATION_LEVEL = 0;
				GCC_PREPROCESSOR_DEFINITIONS = (
					"DEBUG=1",
					"$(inherited)",
				);
				GCC_WARN_64_TO_32_BIT_CONVERSION = YES;
				GCC_WARN_ABOUT_RETURN_TYPE = YES_ERROR;
				GCC_WARN_UNDECLARED_SELECTOR = YES;
				GCC_WARN_UNINITIALIZED_AUTOS = YES_AGGRESSIVE;
				GCC_WARN_UNUSED_FUNCTION = YES;
				GCC_WARN_UNUSED_VARIABLE = YES;
				IPHONEOS_DEPLOYMENT_TARGET = 11.2;
				MTL_ENABLE_DEBUG_INFO = YES;
				ONLY_ACTIVE_ARCH = YES;
				SDKROOT = iphoneos;
				SWIFT_ACTIVE_COMPILATION_CONDITIONS = DEBUG;
				SWIFT_OPTIMIZATION_LEVEL = "-Onone";
			};
			name = Debug;
		};
		E796A8DB1FFE802500CD2841 /* Release */ = {
			isa = XCBuildConfiguration;
			buildSettings = {
				ALWAYS_SEARCH_USER_PATHS = NO;
				CLANG_ANALYZER_NONNULL = YES;
				CLANG_ANALYZER_NUMBER_OBJECT_CONVERSION = YES_AGGRESSIVE;
				CLANG_CXX_LANGUAGE_STANDARD = "gnu++14";
				CLANG_CXX_LIBRARY = "libc++";
				CLANG_ENABLE_MODULES = YES;
				CLANG_ENABLE_OBJC_ARC = YES;
				CLANG_WARN_BLOCK_CAPTURE_AUTORELEASING = YES;
				CLANG_WARN_BOOL_CONVERSION = YES;
				CLANG_WARN_COMMA = YES;
				CLANG_WARN_CONSTANT_CONVERSION = YES;
				CLANG_WARN_DIRECT_OBJC_ISA_USAGE = YES_ERROR;
				CLANG_WARN_DOCUMENTATION_COMMENTS = YES;
				CLANG_WARN_EMPTY_BODY = YES;
				CLANG_WARN_ENUM_CONVERSION = YES;
				CLANG_WARN_INFINITE_RECURSION = YES;
				CLANG_WARN_INT_CONVERSION = YES;
				CLANG_WARN_NON_LITERAL_NULL_CONVERSION = YES;
				CLANG_WARN_OBJC_LITERAL_CONVERSION = YES;
				CLANG_WARN_OBJC_ROOT_CLASS = YES_ERROR;
				CLANG_WARN_RANGE_LOOP_ANALYSIS = YES;
				CLANG_WARN_STRICT_PROTOTYPES = YES;
				CLANG_WARN_SUSPICIOUS_MOVE = YES;
				CLANG_WARN_UNGUARDED_AVAILABILITY = YES_AGGRESSIVE;
				CLANG_WARN_UNREACHABLE_CODE = YES;
				CLANG_WARN__DUPLICATE_METHOD_MATCH = YES;
				CODE_SIGN_IDENTITY = "iPhone Developer";
				COPY_PHASE_STRIP = NO;
				DEBUG_INFORMATION_FORMAT = "dwarf-with-dsym";
				ENABLE_NS_ASSERTIONS = NO;
				ENABLE_STRICT_OBJC_MSGSEND = YES;
				GCC_C_LANGUAGE_STANDARD = gnu11;
				GCC_NO_COMMON_BLOCKS = YES;
				GCC_WARN_64_TO_32_BIT_CONVERSION = YES;
				GCC_WARN_ABOUT_RETURN_TYPE = YES_ERROR;
				GCC_WARN_UNDECLARED_SELECTOR = YES;
				GCC_WARN_UNINITIALIZED_AUTOS = YES_AGGRESSIVE;
				GCC_WARN_UNUSED_FUNCTION = YES;
				GCC_WARN_UNUSED_VARIABLE = YES;
				IPHONEOS_DEPLOYMENT_TARGET = 11.2;
				MTL_ENABLE_DEBUG_INFO = NO;
				SDKROOT = iphoneos;
				SWIFT_OPTIMIZATION_LEVEL = "-Owholemodule";
				VALIDATE_PRODUCT = YES;
			};
			name = Release;
		};
		E796A8DD1FFE802500CD2841 /* Debug */ = {
			isa = XCBuildConfiguration;
			buildSettings = {
				ASSETCATALOG_COMPILER_APPICON_NAME = AppIcon;
				ASSETCATALOG_COMPILER_LAUNCHIMAGE_NAME = LaunchImage;
				CODE_SIGN_STYLE = Automatic;
				DEVELOPMENT_TEAM = "";
				INFOPLIST_FILE = ZBDemo/Info.plist;
				IPHONEOS_DEPLOYMENT_TARGET = 8.0;
				LD_RUNPATH_SEARCH_PATHS = "$(inherited) @executable_path/Frameworks";
				PRODUCT_BUNDLE_IDENTIFIER = com.inphase.ZBDemo;
				PRODUCT_NAME = "$(TARGET_NAME)";
				SWIFT_VERSION = 4.0;
				TARGETED_DEVICE_FAMILY = 1;
			};
			name = Debug;
		};
		E796A8DE1FFE802500CD2841 /* Release */ = {
			isa = XCBuildConfiguration;
			buildSettings = {
				ASSETCATALOG_COMPILER_APPICON_NAME = AppIcon;
				ASSETCATALOG_COMPILER_LAUNCHIMAGE_NAME = LaunchImage;
				CODE_SIGN_STYLE = Automatic;
				DEVELOPMENT_TEAM = "";
				INFOPLIST_FILE = ZBDemo/Info.plist;
				IPHONEOS_DEPLOYMENT_TARGET = 8.0;
				LD_RUNPATH_SEARCH_PATHS = "$(inherited) @executable_path/Frameworks";
				PRODUCT_BUNDLE_IDENTIFIER = com.inphase.ZBDemo;
				PRODUCT_NAME = "$(TARGET_NAME)";
				SWIFT_VERSION = 4.0;
				TARGETED_DEVICE_FAMILY = 1;
			};
			name = Release;
		};
/* End XCBuildConfiguration section */

/* Begin XCConfigurationList section */
		E796A8C51FFE802400CD2841 /* Build configuration list for PBXProject "ZBDemo" */ = {
			isa = XCConfigurationList;
			buildConfigurations = (
				E796A8DA1FFE802500CD2841 /* Debug */,
				E796A8DB1FFE802500CD2841 /* Release */,
			);
			defaultConfigurationIsVisible = 0;
			defaultConfigurationName = Release;
		};
		E796A8DC1FFE802500CD2841 /* Build configuration list for PBXNativeTarget "ZBDemo" */ = {
			isa = XCConfigurationList;
			buildConfigurations = (
				E796A8DD1FFE802500CD2841 /* Debug */,
				E796A8DE1FFE802500CD2841 /* Release */,
			);
			defaultConfigurationIsVisible = 0;
			defaultConfigurationName = Release;
		};
/* End XCConfigurationList section */
	};
	rootObject = E796A8C21FFE802400CD2841 /* Project object */;
}
